
Microsoft Visual Studio Solution File, Format Version 12.00
# Visual Studio Version 16
VisualStudioVersion = 16.0.30011.22
MinimumVisualStudioVersion = 10.0.40219.1
Project("{8BC9CEB8-8B4A-11D0-8D11-00A0C91BC942}") = "Lab4", "Lab4\Lab4.vcxproj", "{D8F1576D-3677-48D4-99FE-E05FE77BBC64}"
EndProject
Project("{8BC9CEB8-8B4A-11D0-8D11-00A0C91BC942}") = "Lab4_Part2", "Lab4_Part2\Lab4_Part2.vcxproj", "{2AF1741F-A6E8-4DFE-8751-211794437B28}"
EndProject
Global
	GlobalSection(SolutionConfigurationPlatforms) = preSolution
		Debug|x64 = Debug|x64
		Debug|x86 = Debug|x86
		Release|x64 = Release|x64
		Release|x86 = Release|x86
	EndGlobalSection
	GlobalSection(ProjectConfigurationPlatforms) = postSolution
		{D8F1576D-3677-48D4-99FE-E05FE77BBC64}.Debug|x64.ActiveCfg = Debug|x64
		{D8F1576D-3677-48D4-99FE-E05FE77BBC64}.Debug|x64.Build.0 = Debug|x64
		{D8F1576D-3677-48D4-99FE-E05FE77BBC64}.Debug|x86.ActiveCfg = Debug|Win32
		{D8F1576D-3677-48D4-99FE-E05FE77BBC64}.Debug|x86.Build.0 = Debug|Win32
		{D8F1576D-3677-48D4-99FE-E05FE77BBC64}.Release|x64.ActiveCfg = Release|x64
		{D8F1576D-3677-48D4-99FE-E05FE77BBC64}.Release|x64.Build.0 = Release|x64
		{D8F1576D-3677-48D4-99FE-E05FE77BBC64}.Release|x86.ActiveCfg = Release|Win32
		{D8F1576D-3677-48D4-99FE-E05FE77BBC64}.Release|x86.Build.0 = Release|Win32
		{2AF1741F-A6E8-4DFE-8751-211794437B28}.Debug|x64.ActiveCfg = Debug|x64
		{2AF1741F-A6E8-4DFE-8751-211794437B28}.Debug|x64.Build.0 = Debug|x64
		{2AF1741F-A6E8-4DFE-8751-211794437B28}.Debug|x86.ActiveCfg = Debug|Win32
		{2AF1741F-A6E8-4DFE-8751-211794437B28}.Debug|x86.Build.0 = Debug|Win32
		{2AF1741F-A6E8-4DFE-8751-211794437B28}.Release|x64.ActiveCfg = Release|x64
		{2AF1741F-A6E8-4DFE-8751-211794437B28}.Release|x64.Build.0 = Release|x64
		{2AF1741F-A6E8-4DFE-8751-211794437B28}.Release|x86.ActiveCfg = Release|Win32
		{2AF1741F-A6E8-4DFE-8751-211794437B28}.Release|x86.Build.0 = Release|Win32
	EndGlobalSection
	GlobalSection(SolutionProperties) = preSolution
		HideSolutionNode = FALSE
	EndGlobalSection
	GlobalSection(ExtensibilityGlobals) = postSolution
		SolutionGuid = {F9ADDAC4-FAA8-4FE0-87FE-CCF6C298BC1C}
	EndGlobalSection
EndGlobal
